
Microsoft Visual Studio Solution File, Format Version 12.00
# Visual Studio Version 16
VisualStudioVersion = 16.0.30621.155
MinimumVisualStudioVersion = 10.0.40219.1
Project("{FAE04EC0-301F-11D3-BF4B-00C04F79EFBC}") = "AgriFarmProj", "AgriFarmProj\AgriFarmProj.csproj", "{6E0D0A8E-A8C3-43FB-AE85-74A2D5ED042C}"
EndProject
Global
	GlobalSection(SolutionConfigurationPlatforms) = preSolution
		Debug|Any CPU = Debug|Any CPU
		Release|Any CPU = Release|Any CPU
	EndGlobalSection
	GlobalSection(ProjectConfigurationPlatforms) = postSolution
		{6E0D0A8E-A8C3-43FB-AE85-74A2D5ED042C}.Debug|Any CPU.ActiveCfg = Debug|Any CPU
		{6E0D0A8E-A8C3-43FB-AE85-74A2D5ED042C}.Debug|Any CPU.Build.0 = Debug|Any CPU
		{6E0D0A8E-A8C3-43FB-AE85-74A2D5ED042C}.Release|Any CPU.ActiveCfg = Release|Any CPU
		{6E0D0A8E-A8C3-43FB-AE85-74A2D5ED042C}.Release|Any CPU.Build.0 = Release|Any CPU
	EndGlobalSection
	GlobalSection(SolutionProperties) = preSolution
		HideSolutionNode = FALSE
	EndGlobalSection
	GlobalSection(ExtensibilityGlobals) = postSolution
		SolutionGuid = {5D7B057E-B056-4B6A-9C5D-B9BD5BA78D40}
	EndGlobalSection
EndGlobal
